
Microsoft Visual Studio Solution File, Format Version 12.00
# Visual Studio Version 17
VisualStudioVersion = 17.12.35527.113
MinimumVisualStudioVersion = 10.0.40219.1
Project("{FAE04EC0-301F-11D3-BF4B-00C04F79EFBC}") = "steams3x", "steams3x.csproj", "{7476463E-6330-49DC-9B84-3F6E05625021}"
EndProject
Global
	GlobalSection(SolutionConfigurationPlatforms) = preSolution
		Debug|Any CPU = Debug|Any CPU
		Release|Any CPU = Release|Any CPU
	EndGlobalSection
	GlobalSection(ProjectConfigurationPlatforms) = postSolution
		{7476463E-6330-49DC-9B84-3F6E05625021}.Debug|Any CPU.ActiveCfg = Debug|Any CPU
		{7476463E-6330-49DC-9B84-3F6E05625021}.Debug|Any CPU.Build.0 = Debug|Any CPU
		{7476463E-6330-49DC-9B84-3F6E05625021}.Release|Any CPU.ActiveCfg = Release|Any CPU
		{7476463E-6330-49DC-9B84-3F6E05625021}.Release|Any CPU.Build.0 = Release|Any CPU
	EndGlobalSection
	GlobalSection(SolutionProperties) = preSolution
		HideSolutionNode = FALSE
	EndGlobalSection
EndGlobal
